<?xml version="1.0" encoding="utf-8"?>
<Project ToolsVersion="4.0" xmlns="http://schemas.microsoft.com/developer/msbuild/2003">
  <ItemGroup>
    <Filter Include="Source Files">
      <UniqueIdentifier>{4FC737F1-C7A5-4376-A066-2A32D752A2FF}</UniqueIdentifier>
      <Extensions>cpp;c;cc;cxx;c++;cppm;ixx;def;odl;idl;hpj;bat;asm;asmx</Extensions>
    </Filter>
    <Filter Include="leccore">
      <UniqueIdentifier>{93995380-89BD-4b04-88EB-625FBE52EBFB}</UniqueIdentifier>
      <Extensions>h;hh;hpp;hxx;h++;hm;inl;inc;ipp;xsd</Extensions>
    </Filter>
    <Filter Include="leccore\database">
      <UniqueIdentifier>{340fced0-a811-4f3d-9200-d103923ec625}</UniqueIdentifier>
    </Filter>
    <Filter Include="leccore\database\sqlcipher">
      <UniqueIdentifier>{c8d78b29-21c2-4cb1-baa4-9b0d3b7eeb19}</UniqueIdentifier>
    </Filter>
    <Filter Include="leccore\file">
      <UniqueIdentifier>{7e23c7b9-5772-42c7-a570-2a05aca3d00a}</UniqueIdentifier>
    </Filter>
    <Filter Include="leccore\pc_info">
      <UniqueIdentifier>{e9dff646-4b3f-4f35-a6fb-ccda11271f22}</UniqueIdentifier>
    </Filter>
    <Filter Include="leccore\error">
      <UniqueIdentifier>{a0d5ebfa-aed5-45fc-bf89-3236b9cf0c9f}</UniqueIdentifier>
    </Filter>
    <Filter Include="leccore\hash">
      <UniqueIdentifier>{47be85a6-5a69-4fc5-b37f-47acb470631e}</UniqueIdentifier>
    </Filter>
    <Filter Include="leccore\encode">
      <UniqueIdentifier>{e42d87ce-77b9-4cf1-8398-cbdb5ba2b0cb}</UniqueIdentifier>
    </Filter>
  </ItemGroup>
  <ItemGroup>
    <ClInclude Include="leccore.h">
      <Filter>Source Files</Filter>
    </ClInclude>
    <ClInclude Include="versioninfo.h">
      <Filter>leccore</Filter>
    </ClInclude>
    <ClInclude Include="database\connection_base.h">
      <Filter>leccore\database</Filter>
    </ClInclude>
    <ClInclude Include="database\sqlcipher\sqlcipher_connection.h">
      <Filter>leccore\database\sqlcipher</Filter>
    </ClInclude>
    <ClInclude Include="database.h">
      <Filter>leccore</Filter>
    </ClInclude>
    <ClInclude Include="file.h">
      <Filter>leccore</Filter>
    </ClInclude>
    <ClInclude Include="pc_info.h">
      <Filter>leccore</Filter>
    </ClInclude>
    <ClInclude Include="leccore_common.h">
      <Filter>leccore</Filter>
    </ClInclude>
    <ClInclude Include="pc_info\get_wmi_data.h">
      <Filter>leccore\pc_info</Filter>
    </ClInclude>
    <ClInclude Include="pc_info\get_power_info.h">
      <Filter>leccore\pc_info</Filter>
    </ClInclude>
    <ClInclude Include="error\win_error.h">
      <Filter>leccore\error</Filter>
    </ClInclude>
    <ClInclude Include="hash.h">
      <Filter>leccore</Filter>
    </ClInclude>
    <ClInclude Include="encode.h">
      <Filter>leccore</Filter>
    </ClInclude>
  </ItemGroup>
  <ItemGroup>
    <ClCompile Include="leccore.cpp">
      <Filter>Source Files</Filter>
    </ClCompile>
    <ClCompile Include="database\connection.cpp">
      <Filter>leccore\database</Filter>
    </ClCompile>
    <ClCompile Include="database\connection_base.cpp">
      <Filter>leccore\database</Filter>
    </ClCompile>
    <ClCompile Include="database\sqlcipher\sqlcipher_connection.cpp">
      <Filter>leccore\database\sqlcipher</Filter>
    </ClCompile>
    <ClCompile Include="file\file.cpp">
      <Filter>leccore\file</Filter>
    </ClCompile>
    <ClCompile Include="pc_info\pc_info.cpp">
      <Filter>leccore\pc_info</Filter>
    </ClCompile>
    <ClCompile Include="pc_info\get_wmi_data.cpp">
      <Filter>leccore\pc_info</Filter>
    </ClCompile>
    <ClCompile Include="pc_info\get_power_info.cpp">
      <Filter>leccore\pc_info</Filter>
    </ClCompile>
    <ClCompile Include="error\win_error.cpp">
      <Filter>leccore\error</Filter>
    </ClCompile>
    <ClCompile Include="hash\hash.cpp">
      <Filter>leccore\hash</Filter>
    </ClCompile>
    <ClCompile Include="encode\base32.cpp">
      <Filter>leccore\encode</Filter>
    </ClCompile>
    <ClCompile Include="encode\base64.cpp">
      <Filter>leccore\encode</Filter>
    </ClCompile>
  </ItemGroup>
  <ItemGroup>
    <ResourceCompile Include="versioninfo.rc">
      <Filter>leccore</Filter>
    </ResourceCompile>
  </ItemGroup>
</Project>